
Microsoft Visual Studio Solution File, Format Version 12.00
# Visual Studio 15
VisualStudioVersion = 15.0.28307.168
MinimumVisualStudioVersion = 10.0.40219.1
Project("{FAE04EC0-301F-11D3-BF4B-00C04F79EFBC}") = "EF_Sqlite_IPoint_Problem", "EF_Sqlite_IPoint_Problem\EF_Sqlite_IPoint_Problem.csproj", "{DF956232-2B62-4879-BB99-4E7B0D64CCFA}"
EndProject
Project("{FAE04EC0-301F-11D3-BF4B-00C04F79EFBC}") = "EF_Sqlite_IPoint_Problem.Tests", "EF_Sqlite_IPoint_Problem.Tests\EF_Sqlite_IPoint_Problem.Tests.csproj", "{641C3D3C-1176-470A-B37E-59A1F4784AD8}"
EndProject
Global
	GlobalSection(SolutionConfigurationPlatforms) = preSolution
		Debug|Any CPU = Debug|Any CPU
		Release|Any CPU = Release|Any CPU
	EndGlobalSection
	GlobalSection(ProjectConfigurationPlatforms) = postSolution
		{DF956232-2B62-4879-BB99-4E7B0D64CCFA}.Debug|Any CPU.ActiveCfg = Debug|Any CPU
		{DF956232-2B62-4879-BB99-4E7B0D64CCFA}.Debug|Any CPU.Build.0 = Debug|Any CPU
		{DF956232-2B62-4879-BB99-4E7B0D64CCFA}.Release|Any CPU.ActiveCfg = Release|Any CPU
		{DF956232-2B62-4879-BB99-4E7B0D64CCFA}.Release|Any CPU.Build.0 = Release|Any CPU
		{641C3D3C-1176-470A-B37E-59A1F4784AD8}.Debug|Any CPU.ActiveCfg = Debug|Any CPU
		{641C3D3C-1176-470A-B37E-59A1F4784AD8}.Debug|Any CPU.Build.0 = Debug|Any CPU
		{641C3D3C-1176-470A-B37E-59A1F4784AD8}.Release|Any CPU.ActiveCfg = Release|Any CPU
		{641C3D3C-1176-470A-B37E-59A1F4784AD8}.Release|Any CPU.Build.0 = Release|Any CPU
	EndGlobalSection
	GlobalSection(SolutionProperties) = preSolution
		HideSolutionNode = FALSE
	EndGlobalSection
	GlobalSection(ExtensibilityGlobals) = postSolution
		SolutionGuid = {F5646935-C3AB-4C13-ACC7-2F398FBDF678}
	EndGlobalSection
EndGlobal
